
Microsoft Visual Studio Solution File, Format Version 12.00
# Visual Studio Version 16
VisualStudioVersion = 16.0.30011.22
MinimumVisualStudioVersion = 10.0.40219.1
Project("{FAE04EC0-301F-11D3-BF4B-00C04F79EFBC}") = "Assignment 444", "Assignment 444\Assignment 444.csproj", "{BE7949BF-12CD-47A9-A8AE-239E0C672028}"
EndProject
Global
	GlobalSection(SolutionConfigurationPlatforms) = preSolution
		Debug|Any CPU = Debug|Any CPU
		Release|Any CPU = Release|Any CPU
	EndGlobalSection
	GlobalSection(ProjectConfigurationPlatforms) = postSolution
		{BE7949BF-12CD-47A9-A8AE-239E0C672028}.Debug|Any CPU.ActiveCfg = Debug|Any CPU
		{BE7949BF-12CD-47A9-A8AE-239E0C672028}.Debug|Any CPU.Build.0 = Debug|Any CPU
		{BE7949BF-12CD-47A9-A8AE-239E0C672028}.Release|Any CPU.ActiveCfg = Release|Any CPU
		{BE7949BF-12CD-47A9-A8AE-239E0C672028}.Release|Any CPU.Build.0 = Release|Any CPU
	EndGlobalSection
	GlobalSection(SolutionProperties) = preSolution
		HideSolutionNode = FALSE
	EndGlobalSection
	GlobalSection(ExtensibilityGlobals) = postSolution
		SolutionGuid = {74D1D0F3-AA8E-4729-AC4E-0D39C5FC9E53}
	EndGlobalSection
EndGlobal
