
Microsoft Visual Studio Solution File, Format Version 12.00
# Visual Studio Version 16
VisualStudioVersion = 16.0.30011.22
MinimumVisualStudioVersion = 10.0.40219.1
Project("{FAE04EC0-301F-11D3-BF4B-00C04F79EFBC}") = "Assignment 290", "Assignment 290\Assignment 290.csproj", "{5DB3A65C-6754-49C4-860D-E9405AC03197}"
EndProject
Global
	GlobalSection(SolutionConfigurationPlatforms) = preSolution
		Debug|Any CPU = Debug|Any CPU
		Release|Any CPU = Release|Any CPU
	EndGlobalSection
	GlobalSection(ProjectConfigurationPlatforms) = postSolution
		{5DB3A65C-6754-49C4-860D-E9405AC03197}.Debug|Any CPU.ActiveCfg = Debug|Any CPU
		{5DB3A65C-6754-49C4-860D-E9405AC03197}.Debug|Any CPU.Build.0 = Debug|Any CPU
		{5DB3A65C-6754-49C4-860D-E9405AC03197}.Release|Any CPU.ActiveCfg = Release|Any CPU
		{5DB3A65C-6754-49C4-860D-E9405AC03197}.Release|Any CPU.Build.0 = Release|Any CPU
	EndGlobalSection
	GlobalSection(SolutionProperties) = preSolution
		HideSolutionNode = FALSE
	EndGlobalSection
	GlobalSection(ExtensibilityGlobals) = postSolution
		SolutionGuid = {BEA2210F-4D5F-4340-AF53-15282DA81A7D}
	EndGlobalSection
EndGlobal
