
Microsoft Visual Studio Solution File, Format Version 12.00
# Visual Studio Version 16
VisualStudioVersion = 16.0.30011.22
MinimumVisualStudioVersion = 10.0.40219.1
Project("{FAE04EC0-301F-11D3-BF4B-00C04F79EFBC}") = "ArrayAssignment", "ArrayAssignment\ArrayAssignment.csproj", "{24B130A4-9E23-44C6-816B-0ABBB4449E91}"
EndProject
Global
	GlobalSection(SolutionConfigurationPlatforms) = preSolution
		Debug|Any CPU = Debug|Any CPU
		Release|Any CPU = Release|Any CPU
	EndGlobalSection
	GlobalSection(ProjectConfigurationPlatforms) = postSolution
		{24B130A4-9E23-44C6-816B-0ABBB4449E91}.Debug|Any CPU.ActiveCfg = Debug|Any CPU
		{24B130A4-9E23-44C6-816B-0ABBB4449E91}.Debug|Any CPU.Build.0 = Debug|Any CPU
		{24B130A4-9E23-44C6-816B-0ABBB4449E91}.Release|Any CPU.ActiveCfg = Release|Any CPU
		{24B130A4-9E23-44C6-816B-0ABBB4449E91}.Release|Any CPU.Build.0 = Release|Any CPU
	EndGlobalSection
	GlobalSection(SolutionProperties) = preSolution
		HideSolutionNode = FALSE
	EndGlobalSection
	GlobalSection(ExtensibilityGlobals) = postSolution
		SolutionGuid = {099CFD25-690B-4158-9FAD-F7D7022D544E}
	EndGlobalSection
EndGlobal
