
Microsoft Visual Studio Solution File, Format Version 12.00
# Visual Studio Version 16
VisualStudioVersion = 16.0.30011.22
MinimumVisualStudioVersion = 10.0.40219.1
Project("{FAE04EC0-301F-11D3-BF4B-00C04F79EFBC}") = "Assignment 254", "Assignment 254\Assignment 254.csproj", "{5F0D1CF5-912C-4A7F-8D83-0743A16B76DF}"
EndProject
Global
	GlobalSection(SolutionConfigurationPlatforms) = preSolution
		Debug|Any CPU = Debug|Any CPU
		Release|Any CPU = Release|Any CPU
	EndGlobalSection
	GlobalSection(ProjectConfigurationPlatforms) = postSolution
		{5F0D1CF5-912C-4A7F-8D83-0743A16B76DF}.Debug|Any CPU.ActiveCfg = Debug|Any CPU
		{5F0D1CF5-912C-4A7F-8D83-0743A16B76DF}.Debug|Any CPU.Build.0 = Debug|Any CPU
		{5F0D1CF5-912C-4A7F-8D83-0743A16B76DF}.Release|Any CPU.ActiveCfg = Release|Any CPU
		{5F0D1CF5-912C-4A7F-8D83-0743A16B76DF}.Release|Any CPU.Build.0 = Release|Any CPU
	EndGlobalSection
	GlobalSection(SolutionProperties) = preSolution
		HideSolutionNode = FALSE
	EndGlobalSection
	GlobalSection(ExtensibilityGlobals) = postSolution
		SolutionGuid = {E32CD79D-F4C3-4D50-AB14-E57B5244ACBA}
	EndGlobalSection
EndGlobal
