
Microsoft Visual Studio Solution File, Format Version 12.00
# Visual Studio Version 16
VisualStudioVersion = 16.0.30011.22
MinimumVisualStudioVersion = 10.0.40219.1
Project("{FAE04EC0-301F-11D3-BF4B-00C04F79EFBC}") = "BooleanComparisonAssignment2", "BooleanComparisonAssignment2\BooleanComparisonAssignment2.csproj", "{44A7DAC2-453F-4A63-B681-62A7EF54BD49}"
EndProject
Global
	GlobalSection(SolutionConfigurationPlatforms) = preSolution
		Debug|Any CPU = Debug|Any CPU
		Release|Any CPU = Release|Any CPU
	EndGlobalSection
	GlobalSection(ProjectConfigurationPlatforms) = postSolution
		{44A7DAC2-453F-4A63-B681-62A7EF54BD49}.Debug|Any CPU.ActiveCfg = Debug|Any CPU
		{44A7DAC2-453F-4A63-B681-62A7EF54BD49}.Debug|Any CPU.Build.0 = Debug|Any CPU
		{44A7DAC2-453F-4A63-B681-62A7EF54BD49}.Release|Any CPU.ActiveCfg = Release|Any CPU
		{44A7DAC2-453F-4A63-B681-62A7EF54BD49}.Release|Any CPU.Build.0 = Release|Any CPU
	EndGlobalSection
	GlobalSection(SolutionProperties) = preSolution
		HideSolutionNode = FALSE
	EndGlobalSection
	GlobalSection(ExtensibilityGlobals) = postSolution
		SolutionGuid = {B4895620-B0D5-464A-8C9B-2693AF039A6C}
	EndGlobalSection
EndGlobal
