
Microsoft Visual Studio Solution File, Format Version 12.00
# Visual Studio Version 16
VisualStudioVersion = 16.0.30011.22
MinimumVisualStudioVersion = 10.0.40219.1
Project("{FAE04EC0-301F-11D3-BF4B-00C04F79EFBC}") = "HandlingAssignment1", "HandlingAssignment1\HandlingAssignment1.csproj", "{62F23285-F1DF-496F-A689-6A5E6F1ECEC9}"
EndProject
Global
	GlobalSection(SolutionConfigurationPlatforms) = preSolution
		Debug|Any CPU = Debug|Any CPU
		Release|Any CPU = Release|Any CPU
	EndGlobalSection
	GlobalSection(ProjectConfigurationPlatforms) = postSolution
		{62F23285-F1DF-496F-A689-6A5E6F1ECEC9}.Debug|Any CPU.ActiveCfg = Debug|Any CPU
		{62F23285-F1DF-496F-A689-6A5E6F1ECEC9}.Debug|Any CPU.Build.0 = Debug|Any CPU
		{62F23285-F1DF-496F-A689-6A5E6F1ECEC9}.Release|Any CPU.ActiveCfg = Release|Any CPU
		{62F23285-F1DF-496F-A689-6A5E6F1ECEC9}.Release|Any CPU.Build.0 = Release|Any CPU
	EndGlobalSection
	GlobalSection(SolutionProperties) = preSolution
		HideSolutionNode = FALSE
	EndGlobalSection
	GlobalSection(ExtensibilityGlobals) = postSolution
		SolutionGuid = {9C1B83DF-2B44-4A09-A949-6932710348DD}
	EndGlobalSection
EndGlobal
