
Microsoft Visual Studio Solution File, Format Version 12.00
# Visual Studio Version 16
VisualStudioVersion = 16.0.30011.22
MinimumVisualStudioVersion = 10.0.40219.1
Project("{FAE04EC0-301F-11D3-BF4B-00C04F79EFBC}") = "Assignment 260", "Assignment 260\Assignment 260.csproj", "{7A3DAB45-9E00-4630-9567-82B2F13EA9AF}"
EndProject
Global
	GlobalSection(SolutionConfigurationPlatforms) = preSolution
		Debug|Any CPU = Debug|Any CPU
		Release|Any CPU = Release|Any CPU
	EndGlobalSection
	GlobalSection(ProjectConfigurationPlatforms) = postSolution
		{7A3DAB45-9E00-4630-9567-82B2F13EA9AF}.Debug|Any CPU.ActiveCfg = Debug|Any CPU
		{7A3DAB45-9E00-4630-9567-82B2F13EA9AF}.Debug|Any CPU.Build.0 = Debug|Any CPU
		{7A3DAB45-9E00-4630-9567-82B2F13EA9AF}.Release|Any CPU.ActiveCfg = Release|Any CPU
		{7A3DAB45-9E00-4630-9567-82B2F13EA9AF}.Release|Any CPU.Build.0 = Release|Any CPU
	EndGlobalSection
	GlobalSection(SolutionProperties) = preSolution
		HideSolutionNode = FALSE
	EndGlobalSection
	GlobalSection(ExtensibilityGlobals) = postSolution
		SolutionGuid = {E678269A-4290-4ACF-B2F0-2A6BDE60CAA6}
	EndGlobalSection
EndGlobal
